// !$*UTF8*$!
{
	archiveVersion = 1;
	classes = {
	};
	objectVersion = 56;
	objects = {

/* Begin PBXBuildFile section */
		4127B7BD2C73688600300344 /* Preview Assets.xcassets in Resources */ = {isa = PBXBuildFile; fileRef = 412ED9992C734E8A00563852 /* Preview Assets.xcassets */; };
		412ED9962C734E8A00563852 /* Assets.xcassets in Resources */ = {isa = PBXBuildFile; fileRef = 412ED9952C734E8A00563852 /* Assets.xcassets */; };
		412ED9BD2C7351FF00563852 /* AppDelegate.swift in Sources */ = {isa = PBXBuildFile; fileRef = 412ED9BC2C7351FF00563852 /* AppDelegate.swift */; };
		412ED9BF2C73521900563852 /* BaseViewController.swift in Sources */ = {isa = PBXBuildFile; fileRef = 412ED9BE2C73521900563852 /* BaseViewController.swift */; };
		412ED9C12C73523200563852 /* FaceDetectionView.swift in Sources */ = {isa = PBXBuildFile; fileRef = 412ED9C02C73523200563852 /* FaceDetectionView.swift */; };
		412ED9C32C73527900563852 /* SceneDelegate.swift in Sources */ = {isa = PBXBuildFile; fileRef = 412ED9C22C73527900563852 /* SceneDelegate.swift */; };
		412ED9C72C7352A600563852 /* CameraPreview.swift in Sources */ = {isa = PBXBuildFile; fileRef = 412ED9C62C7352A600563852 /* CameraPreview.swift */; };
		412ED9C92C7352D000563852 /* FaceDetection.swift in Sources */ = {isa = PBXBuildFile; fileRef = 412ED9C82C7352D000563852 /* FaceDetection.swift */; };
		415703862C736DFC0086E25A /* Pods_PicturePerfect.framework in Frameworks */ = {isa = PBXBuildFile; fileRef = 5C25EB7D2D47F7575FDB38DE /* Pods_PicturePerfect.framework */; };
/* End PBXBuildFile section */

/* Begin PBXFileReference section */
		412ED98C2C734E8800563852 /* PicturePerfect.app */ = {isa = PBXFileReference; explicitFileType = wrapper.application; includeInIndex = 0; path = PicturePerfect.app; sourceTree = BUILT_PRODUCTS_DIR; };
		412ED9952C734E8A00563852 /* Assets.xcassets */ = {isa = PBXFileReference; lastKnownFileType = folder.assetcatalog; path = Assets.xcassets; sourceTree = "<group>"; };
		412ED9972C734E8A00563852 /* PicturePerfect.entitlements */ = {isa = PBXFileReference; lastKnownFileType = text.plist.entitlements; path = PicturePerfect.entitlements; sourceTree = "<group>"; };
		412ED9992C734E8A00563852 /* Preview Assets.xcassets */ = {isa = PBXFileReference; lastKnownFileType = folder.assetcatalog; path = "Preview Assets.xcassets"; sourceTree = "<group>"; };
		412ED9BC2C7351FF00563852 /* AppDelegate.swift */ = {isa = PBXFileReference; lastKnownFileType = sourcecode.swift; path = AppDelegate.swift; sourceTree = "<group>"; };
		412ED9BE2C73521900563852 /* BaseViewController.swift */ = {isa = PBXFileReference; lastKnownFileType = sourcecode.swift; path = BaseViewController.swift; sourceTree = "<group>"; };
		412ED9C02C73523200563852 /* FaceDetectionView.swift */ = {isa = PBXFileReference; lastKnownFileType = sourcecode.swift; path = FaceDetectionView.swift; sourceTree = "<group>"; };
		412ED9C22C73527900563852 /* SceneDelegate.swift */ = {isa = PBXFileReference; lastKnownFileType = sourcecode.swift; path = SceneDelegate.swift; sourceTree = "<group>"; };
		412ED9C62C7352A600563852 /* CameraPreview.swift */ = {isa = PBXFileReference; lastKnownFileType = sourcecode.swift; path = CameraPreview.swift; sourceTree = "<group>"; };
		412ED9C82C7352D000563852 /* FaceDetection.swift */ = {isa = PBXFileReference; lastKnownFileType = sourcecode.swift; path = FaceDetection.swift; sourceTree = "<group>"; };
		419DC32B2C7365410055C3E5 /* Info.plist */ = {isa = PBXFileReference; lastKnownFileType = text.plist; path = Info.plist; sourceTree = "<group>"; };
		5C25EB7D2D47F7575FDB38DE /* Pods_PicturePerfect.framework */ = {isa = PBXFileReference; explicitFileType = wrapper.framework; includeInIndex = 0; path = Pods_PicturePerfect.framework; sourceTree = BUILT_PRODUCTS_DIR; };
		5ECE1BFAD030BD4E8C43B5A5 /* Pods-PicturePerfect.release.xcconfig */ = {isa = PBXFileReference; includeInIndex = 1; lastKnownFileType = text.xcconfig; name = "Pods-PicturePerfect.release.xcconfig"; path = "Target Support Files/Pods-PicturePerfect/Pods-PicturePerfect.release.xcconfig"; sourceTree = "<group>"; };
		7C622EBEB6EBBA6E450E3C74 /* Pods-PicturePerfect.debug.xcconfig */ = {isa = PBXFileReference; includeInIndex = 1; lastKnownFileType = text.xcconfig; name = "Pods-PicturePerfect.debug.xcconfig"; path = "Target Support Files/Pods-PicturePerfect/Pods-PicturePerfect.debug.xcconfig"; sourceTree = "<group>"; };
/* End PBXFileReference section */

/* Begin PBXFrameworksBuildPhase section */
		412ED9892C734E8800563852 /* Frameworks */ = {
			isa = PBXFrameworksBuildPhase;
			buildActionMask = 2147483647;
			files = (
				415703862C736DFC0086E25A /* Pods_PicturePerfect.framework in Frameworks */,
			);
			runOnlyForDeploymentPostprocessing = 0;
		};
/* End PBXFrameworksBuildPhase section */

/* Begin PBXGroup section */
		172DC5C93B59109205D192D9 /* Pods */ = {
			isa = PBXGroup;
			children = (
				7C622EBEB6EBBA6E450E3C74 /* Pods-PicturePerfect.debug.xcconfig */,
				5ECE1BFAD030BD4E8C43B5A5 /* Pods-PicturePerfect.release.xcconfig */,
			);
			path = Pods;
			sourceTree = "<group>";
		};
		412ED9832C734E8800563852 = {
			isa = PBXGroup;
			children = (
				412ED98E2C734E8800563852 /* PicturePerfect */,
				412ED98D2C734E8800563852 /* Products */,
				172DC5C93B59109205D192D9 /* Pods */,
				7173B9861E22DC88C898F708 /* Frameworks */,
			);
			sourceTree = "<group>";
		};
		412ED98D2C734E8800563852 /* Products */ = {
			isa = PBXGroup;
			children = (
				412ED98C2C734E8800563852 /* PicturePerfect.app */,
			);
			name = Products;
			sourceTree = "<group>";
		};
		412ED98E2C734E8800563852 /* PicturePerfect */ = {
			isa = PBXGroup;
			children = (
				419DC32B2C7365410055C3E5 /* Info.plist */,
				412ED9952C734E8A00563852 /* Assets.xcassets */,
				412ED9972C734E8A00563852 /* PicturePerfect.entitlements */,
				412ED9982C734E8A00563852 /* Preview Content */,
				412ED9BC2C7351FF00563852 /* AppDelegate.swift */,
				412ED9BE2C73521900563852 /* BaseViewController.swift */,
				412ED9C02C73523200563852 /* FaceDetectionView.swift */,
				412ED9C22C73527900563852 /* SceneDelegate.swift */,
				412ED9C62C7352A600563852 /* CameraPreview.swift */,
				412ED9C82C7352D000563852 /* FaceDetection.swift */,
			);
			path = PicturePerfect;
			sourceTree = "<group>";
		};
		412ED9982C734E8A00563852 /* Preview Content */ = {
			isa = PBXGroup;
			children = (
				412ED9992C734E8A00563852 /* Preview Assets.xcassets */,
			);
			path = "Preview Content";
			sourceTree = "<group>";
		};
		7173B9861E22DC88C898F708 /* Frameworks */ = {
			isa = PBXGroup;
			children = (
				5C25EB7D2D47F7575FDB38DE /* Pods_PicturePerfect.framework */,
			);
			name = Frameworks;
			sourceTree = "<group>";
		};
/* End PBXGroup section */

/* Begin PBXNativeTarget section */
		412ED98B2C734E8800563852 /* PicturePerfect */ = {
			isa = PBXNativeTarget;
			buildConfigurationList = 412ED9B32C734E8A00563852 /* Build configuration list for PBXNativeTarget "PicturePerfect" */;
			buildPhases = (
				D9C7F4DDA195721D13B260E1 /* [CP] Check Pods Manifest.lock */,
				412ED9882C734E8800563852 /* Sources */,
				412ED9892C734E8800563852 /* Frameworks */,
				412ED98A2C734E8800563852 /* Resources */,
				8413C0F90DD149922980FF1B /* [CP] Embed Pods Frameworks */,
				B1F9685E88AF01C9BEB4F015 /* [CP] Copy Pods Resources */,
			);
			buildRules = (
			);
			dependencies = (
			);
			name = PicturePerfect;
			productName = PicturePerfect;
			productReference = 412ED98C2C734E8800563852 /* PicturePerfect.app */;
			productType = "com.apple.product-type.application";
		};
/* End PBXNativeTarget section */

/* Begin PBXProject section */
		412ED9842C734E8800563852 /* Project object */ = {
			isa = PBXProject;
			attributes = {
				BuildIndependentTargetsInParallel = 1;
				LastSwiftUpdateCheck = 1540;
				LastUpgradeCheck = 1540;
				TargetAttributes = {
					412ED98B2C734E8800563852 = {
						CreatedOnToolsVersion = 15.4;
					};
				};
			};
			buildConfigurationList = 412ED9872C734E8800563852 /* Build configuration list for PBXProject "PicturePerfect" */;
			compatibilityVersion = "Xcode 14.0";
			developmentRegion = en;
			hasScannedForEncodings = 0;
			knownRegions = (
				en,
				Base,
			);
			mainGroup = 412ED9832C734E8800563852;
			productRefGroup = 412ED98D2C734E8800563852 /* Products */;
			projectDirPath = "";
			projectRoot = "";
			targets = (
				412ED98B2C734E8800563852 /* PicturePerfect */,
			);
		};
/* End PBXProject section */

/* Begin PBXResourcesBuildPhase section */
		412ED98A2C734E8800563852 /* Resources */ = {
			isa = PBXResourcesBuildPhase;
			buildActionMask = 2147483647;
			files = (
				4127B7BD2C73688600300344 /* Preview Assets.xcassets in Resources */,
				412ED9962C734E8A00563852 /* Assets.xcassets in Resources */,
			);
			runOnlyForDeploymentPostprocessing = 0;
		};
/* End PBXResourcesBuildPhase section */

/* Begin PBXShellScriptBuildPhase section */
		8413C0F90DD149922980FF1B /* [CP] Embed Pods Frameworks */ = {
			isa = PBXShellScriptBuildPhase;
			buildActionMask = 2147483647;
			files = (
			);
			inputFileListPaths = (
				"${PODS_ROOT}/Target Support Files/Pods-PicturePerfect/Pods-PicturePerfect-frameworks-${CONFIGURATION}-input-files.xcfilelist",
			);
			name = "[CP] Embed Pods Frameworks";
			outputFileListPaths = (
				"${PODS_ROOT}/Target Support Files/Pods-PicturePerfect/Pods-PicturePerfect-frameworks-${CONFIGURATION}-output-files.xcfilelist",
			);
			runOnlyForDeploymentPostprocessing = 0;
			shellPath = /bin/sh;
			shellScript = "\"${PODS_ROOT}/Target Support Files/Pods-PicturePerfect/Pods-PicturePerfect-frameworks.sh\"\n";
			showEnvVarsInLog = 0;
		};
		B1F9685E88AF01C9BEB4F015 /* [CP] Copy Pods Resources */ = {
			isa = PBXShellScriptBuildPhase;
			buildActionMask = 2147483647;
			files = (
			);
			inputFileListPaths = (
				"${PODS_ROOT}/Target Support Files/Pods-PicturePerfect/Pods-PicturePerfect-resources-${CONFIGURATION}-input-files.xcfilelist",
			);
			name = "[CP] Copy Pods Resources";
			outputFileListPaths = (
				"${PODS_ROOT}/Target Support Files/Pods-PicturePerfect/Pods-PicturePerfect-resources-${CONFIGURATION}-output-files.xcfilelist",
			);
			runOnlyForDeploymentPostprocessing = 0;
			shellPath = /bin/sh;
			shellScript = "\"${PODS_ROOT}/Target Support Files/Pods-PicturePerfect/Pods-PicturePerfect-resources.sh\"\n";
			showEnvVarsInLog = 0;
		};
		D9C7F4DDA195721D13B260E1 /* [CP] Check Pods Manifest.lock */ = {
			isa = PBXShellScriptBuildPhase;
			buildActionMask = 2147483647;
			files = (
			);
			inputFileListPaths = (
			);
			inputPaths = (
				"${PODS_PODFILE_DIR_PATH}/Podfile.lock",
				"${PODS_ROOT}/Manifest.lock",
			);
			name = "[CP] Check Pods Manifest.lock";
			outputFileListPaths = (
			);
			outputPaths = (
				"$(DERIVED_FILE_DIR)/Pods-PicturePerfect-checkManifestLockResult.txt",
			);
			runOnlyForDeploymentPostprocessing = 0;
			shellPath = /bin/sh;
			shellScript = "diff \"${PODS_PODFILE_DIR_PATH}/Podfile.lock\" \"${PODS_ROOT}/Manifest.lock\" > /dev/null\nif [ $? != 0 ] ; then\n    # print error to STDERR\n    echo \"error: The sandbox is not in sync with the Podfile.lock. Run 'pod install' or update your CocoaPods installation.\" >&2\n    exit 1\nfi\n# This output is used by Xcode 'outputs' to avoid re-running this script phase.\necho \"SUCCESS\" > \"${SCRIPT_OUTPUT_FILE_0}\"\n";
			showEnvVarsInLog = 0;
		};
/* End PBXShellScriptBuildPhase section */

/* Begin PBXSourcesBuildPhase section */
		412ED9882C734E8800563852 /* Sources */ = {
			isa = PBXSourcesBuildPhase;
			buildActionMask = 2147483647;
			files = (
				412ED9BF2C73521900563852 /* BaseViewController.swift in Sources */,
				412ED9C72C7352A600563852 /* CameraPreview.swift in Sources */,
				412ED9C32C73527900563852 /* SceneDelegate.swift in Sources */,
				412ED9C92C7352D000563852 /* FaceDetection.swift in Sources */,
				412ED9BD2C7351FF00563852 /* AppDelegate.swift in Sources */,
				412ED9C12C73523200563852 /* FaceDetectionView.swift in Sources */,
			);
			runOnlyForDeploymentPostprocessing = 0;
		};
/* End PBXSourcesBuildPhase section */

/* Begin XCBuildConfiguration section */
		412ED9B12C734E8A00563852 /* Debug */ = {
			isa = XCBuildConfiguration;
			buildSettings = {
				ALWAYS_SEARCH_USER_PATHS = NO;
				ASSETCATALOG_COMPILER_GENERATE_SWIFT_ASSET_SYMBOL_EXTENSIONS = YES;
				CLANG_ANALYZER_NONNULL = YES;
				CLANG_ANALYZER_NUMBER_OBJECT_CONVERSION = YES_AGGRESSIVE;
				CLANG_CXX_LANGUAGE_STANDARD = "gnu++20";
				CLANG_ENABLE_MODULES = YES;
				CLANG_ENABLE_OBJC_ARC = YES;
				CLANG_ENABLE_OBJC_WEAK = YES;
				CLANG_WARN_BLOCK_CAPTURE_AUTORELEASING = YES;
				CLANG_WARN_BOOL_CONVERSION = YES;
				CLANG_WARN_COMMA = YES;
				CLANG_WARN_CONSTANT_CONVERSION = YES;
				CLANG_WARN_DEPRECATED_OBJC_IMPLEMENTATIONS = YES;
				CLANG_WARN_DIRECT_OBJC_ISA_USAGE = YES_ERROR;
				CLANG_WARN_DOCUMENTATION_COMMENTS = YES;
				CLANG_WARN_EMPTY_BODY = YES;
				CLANG_WARN_ENUM_CONVERSION = YES;
				CLANG_WARN_INFINITE_RECURSION = YES;
				CLANG_WARN_INT_CONVERSION = YES;
				CLANG_WARN_NON_LITERAL_NULL_CONVERSION = YES;
				CLANG_WARN_OBJC_IMPLICIT_RETAIN_SELF = YES;
				CLANG_WARN_OBJC_LITERAL_CONVERSION = YES;
				CLANG_WARN_OBJC_ROOT_CLASS = YES_ERROR;
				CLANG_WARN_QUOTED_INCLUDE_IN_FRAMEWORK_HEADER = YES;
				CLANG_WARN_RANGE_LOOP_ANALYSIS = YES;
				CLANG_WARN_STRICT_PROTOTYPES = YES;
				CLANG_WARN_SUSPICIOUS_MOVE = YES;
				CLANG_WARN_UNGUARDED_AVAILABILITY = YES_AGGRESSIVE;
				CLANG_WARN_UNREACHABLE_CODE = YES;
				CLANG_WARN__DUPLICATE_METHOD_MATCH = YES;
				COPY_PHASE_STRIP = NO;
				DEBUG_INFORMATION_FORMAT = dwarf;
				ENABLE_STRICT_OBJC_MSGSEND = YES;
				ENABLE_TESTABILITY = YES;
				ENABLE_USER_SCRIPT_SANDBOXING = YES;
				GCC_C_LANGUAGE_STANDARD = gnu17;
				GCC_DYNAMIC_NO_PIC = NO;
				GCC_NO_COMMON_BLOCKS = YES;
				GCC_OPTIMIZATION_LEVEL = 0;
				GCC_PREPROCESSOR_DEFINITIONS = (
					"DEBUG=1",
					"$(inherited)",
				);
				GCC_WARN_64_TO_32_BIT_CONVERSION = YES;
				GCC_WARN_ABOUT_RETURN_TYPE = YES_ERROR;
				GCC_WARN_UNDECLARED_SELECTOR = YES;
				GCC_WARN_UNINITIALIZED_AUTOS = YES_AGGRESSIVE;
				GCC_WARN_UNUSED_FUNCTION = YES;
				GCC_WARN_UNUSED_VARIABLE = YES;
				IPHONEOS_DEPLOYMENT_TARGET = 13.0;
				LOCALIZATION_PREFERS_STRING_CATALOGS = YES;
				MACOSX_DEPLOYMENT_TARGET = 13.0;
				MTL_ENABLE_DEBUG_INFO = INCLUDE_SOURCE;
				MTL_FAST_MATH = YES;
				ONLY_ACTIVE_ARCH = YES;
				SWIFT_ACTIVE_COMPILATION_CONDITIONS = "DEBUG $(inherited)";
				SWIFT_OPTIMIZATION_LEVEL = "-Onone";
			};
			name = Debug;
		};
		412ED9B22C734E8A00563852 /* Release */ = {
			isa = XCBuildConfiguration;
			buildSettings = {
				ALWAYS_SEARCH_USER_PATHS = NO;
				ASSETCATALOG_COMPILER_GENERATE_SWIFT_ASSET_SYMBOL_EXTENSIONS = YES;
				CLANG_ANALYZER_NONNULL = YES;
				CLANG_ANALYZER_NUMBER_OBJECT_CONVERSION = YES_AGGRESSIVE;
				CLANG_CXX_LANGUAGE_STANDARD = "gnu++20";
				CLANG_ENABLE_MODULES = YES;
				CLANG_ENABLE_OBJC_ARC = YES;
				CLANG_ENABLE_OBJC_WEAK = YES;
				CLANG_WARN_BLOCK_CAPTURE_AUTORELEASING = YES;
				CLANG_WARN_BOOL_CONVERSION = YES;
				CLANG_WARN_COMMA = YES;
				CLANG_WARN_CONSTANT_CONVERSION = YES;
				CLANG_WARN_DEPRECATED_OBJC_IMPLEMENTATIONS = YES;
				CLANG_WARN_DIRECT_OBJC_ISA_USAGE = YES_ERROR;
				CLANG_WARN_DOCUMENTATION_COMMENTS = YES;
				CLANG_WARN_EMPTY_BODY = YES;
				CLANG_WARN_ENUM_CONVERSION = YES;
				CLANG_WARN_INFINITE_RECURSION = YES;
				CLANG_WARN_INT_CONVERSION = YES;
				CLANG_WARN_NON_LITERAL_NULL_CONVERSION = YES;
				CLANG_WARN_OBJC_IMPLICIT_RETAIN_SELF = YES;
				CLANG_WARN_OBJC_LITERAL_CONVERSION = YES;
				CLANG_WARN_OBJC_ROOT_CLASS = YES_ERROR;
				CLANG_WARN_QUOTED_INCLUDE_IN_FRAMEWORK_HEADER = YES;
				CLANG_WARN_RANGE_LOOP_ANALYSIS = YES;
				CLANG_WARN_STRICT_PROTOTYPES = YES;
				CLANG_WARN_SUSPICIOUS_MOVE = YES;
				CLANG_WARN_UNGUARDED_AVAILABILITY = YES_AGGRESSIVE;
				CLANG_WARN_UNREACHABLE_CODE = YES;
				CLANG_WARN__DUPLICATE_METHOD_MATCH = YES;
				COPY_PHASE_STRIP = NO;
				DEBUG_INFORMATION_FORMAT = "dwarf-with-dsym";
				ENABLE_NS_ASSERTIONS = NO;
				ENABLE_STRICT_OBJC_MSGSEND = YES;
				ENABLE_USER_SCRIPT_SANDBOXING = YES;
				GCC_C_LANGUAGE_STANDARD = gnu17;
				GCC_NO_COMMON_BLOCKS = YES;
				GCC_WARN_64_TO_32_BIT_CONVERSION = YES;
				GCC_WARN_ABOUT_RETURN_TYPE = YES_ERROR;
				GCC_WARN_UNDECLARED_SELECTOR = YES;
				GCC_WARN_UNINITIALIZED_AUTOS = YES_AGGRESSIVE;
				GCC_WARN_UNUSED_FUNCTION = YES;
				GCC_WARN_UNUSED_VARIABLE = YES;
				IPHONEOS_DEPLOYMENT_TARGET = 13.0;
				LOCALIZATION_PREFERS_STRING_CATALOGS = YES;
				MACOSX_DEPLOYMENT_TARGET = 13.0;
				MTL_ENABLE_DEBUG_INFO = NO;
				MTL_FAST_MATH = YES;
				SWIFT_COMPILATION_MODE = wholemodule;
			};
			name = Release;
		};
		412ED9B42C734E8A00563852 /* Debug */ = {
			isa = XCBuildConfiguration;
			baseConfigurationReference = 7C622EBEB6EBBA6E450E3C74 /* Pods-PicturePerfect.debug.xcconfig */;
			buildSettings = {
				ASSETCATALOG_COMPILER_APPICON_NAME = AppIcon;
				ASSETCATALOG_COMPILER_GLOBAL_ACCENT_COLOR_NAME = AccentColor;
				CODE_SIGN_ENTITLEMENTS = PicturePerfect/PicturePerfect.entitlements;
				CODE_SIGN_STYLE = Automatic;
				CURRENT_PROJECT_VERSION = 1;
				DEVELOPMENT_ASSET_PATHS = "\"PicturePerfect/Preview Content\"";
				DEVELOPMENT_TEAM = SU5S5MXK66;
				ENABLE_HARDENED_RUNTIME = YES;
				ENABLE_PREVIEWS = YES;
				ENABLE_USER_SCRIPT_SANDBOXING = NO;
				GENERATE_INFOPLIST_FILE = YES;
				INFOPLIST_FILE = PicturePerfect/Info.plist;
				INFOPLIST_KEY_NSCameraUsageDescription = "Allow camera access to detect your face";
				INFOPLIST_KEY_NSPhotoLibraryUsageDescription = NSPhotoLibraryAddUsageDescription;
				INFOPLIST_KEY_UIApplicationSceneManifest_Generation = YES;
				"INFOPLIST_KEY_UIApplicationSceneManifest_Generation[sdk=iphoneos*]" = YES;
				"INFOPLIST_KEY_UIApplicationSceneManifest_Generation[sdk=iphonesimulator*]" = YES;
				INFOPLIST_KEY_UIApplicationSupportsIndirectInputEvents = YES;
				"INFOPLIST_KEY_UIApplicationSupportsIndirectInputEvents[sdk=iphoneos*]" = YES;
				"INFOPLIST_KEY_UIApplicationSupportsIndirectInputEvents[sdk=iphonesimulator*]" = YES;
				INFOPLIST_KEY_UILaunchScreen_Generation = YES;
				"INFOPLIST_KEY_UILaunchScreen_Generation[sdk=iphoneos*]" = YES;
				"INFOPLIST_KEY_UILaunchScreen_Generation[sdk=iphonesimulator*]" = YES;
				INFOPLIST_KEY_UIStatusBarStyle = UIStatusBarStyleDefault;
				"INFOPLIST_KEY_UIStatusBarStyle[sdk=iphoneos*]" = UIStatusBarStyleDefault;
				"INFOPLIST_KEY_UIStatusBarStyle[sdk=iphonesimulator*]" = UIStatusBarStyleDefault;
				INFOPLIST_KEY_UISupportedInterfaceOrientations_iPad = "UIInterfaceOrientationPortrait UIInterfaceOrientationPortraitUpsideDown UIInterfaceOrientationLandscapeLeft UIInterfaceOrientationLandscapeRight";
				INFOPLIST_KEY_UISupportedInterfaceOrientations_iPhone = "UIInterfaceOrientationPortrait UIInterfaceOrientationLandscapeLeft UIInterfaceOrientationLandscapeRight";
				IPHONEOS_DEPLOYMENT_TARGET = 13.0;
				LD_RUNPATH_SEARCH_PATHS = "\"$(inherited) @executable_path/Frameworks\"";
				MACOSX_DEPLOYMENT_TARGET = 14.5;
				MARKETING_VERSION = 1.0;
				PRODUCT_BUNDLE_IDENTIFIER = shrad.PicturePerfectApp;
				PRODUCT_NAME = "$(TARGET_NAME)";
				SDKROOT = iphoneos;
				SUPPORTED_PLATFORMS = "iphonesimulator iphoneos";
				SWIFT_EMIT_LOC_STRINGS = YES;
				SWIFT_VERSION = 5.0;
				TARGETED_DEVICE_FAMILY = "1,2";
			};
			name = Debug;
		};
		412ED9B52C734E8A00563852 /* Release */ = {
			isa = XCBuildConfiguration;
			baseConfigurationReference = 5ECE1BFAD030BD4E8C43B5A5 /* Pods-PicturePerfect.release.xcconfig */;
			buildSettings = {
				ASSETCATALOG_COMPILER_APPICON_NAME = AppIcon;
				ASSETCATALOG_COMPILER_GLOBAL_ACCENT_COLOR_NAME = AccentColor;
				CODE_SIGN_ENTITLEMENTS = PicturePerfect/PicturePerfect.entitlements;
				CODE_SIGN_STYLE = Automatic;
				CURRENT_PROJECT_VERSION = 1;
				DEVELOPMENT_ASSET_PATHS = "\"PicturePerfect/Preview Content\"";
				DEVELOPMENT_TEAM = SU5S5MXK66;
				ENABLE_HARDENED_RUNTIME = YES;
				ENABLE_PREVIEWS = YES;
				ENABLE_USER_SCRIPT_SANDBOXING = NO;
				GENERATE_INFOPLIST_FILE = YES;
				INFOPLIST_FILE = PicturePerfect/Info.plist;
				INFOPLIST_KEY_NSCameraUsageDescription = "Allow camera access to detect your face";
				INFOPLIST_KEY_NSPhotoLibraryUsageDescription = NSPhotoLibraryAddUsageDescription;
				INFOPLIST_KEY_UIApplicationSceneManifest_Generation = YES;
				"INFOPLIST_KEY_UIApplicationSceneManifest_Generation[sdk=iphoneos*]" = YES;
				"INFOPLIST_KEY_UIApplicationSceneManifest_Generation[sdk=iphonesimulator*]" = YES;
				INFOPLIST_KEY_UIApplicationSupportsIndirectInputEvents = YES;
				"INFOPLIST_KEY_UIApplicationSupportsIndirectInputEvents[sdk=iphoneos*]" = YES;
				"INFOPLIST_KEY_UIApplicationSupportsIndirectInputEvents[sdk=iphonesimulator*]" = YES;
				INFOPLIST_KEY_UILaunchScreen_Generation = YES;
				"INFOPLIST_KEY_UILaunchScreen_Generation[sdk=iphoneos*]" = YES;
				"INFOPLIST_KEY_UILaunchScreen_Generation[sdk=iphonesimulator*]" = YES;
				INFOPLIST_KEY_UIStatusBarStyle = UIStatusBarStyleDefault;
				"INFOPLIST_KEY_UIStatusBarStyle[sdk=iphoneos*]" = UIStatusBarStyleDefault;
				"INFOPLIST_KEY_UIStatusBarStyle[sdk=iphonesimulator*]" = UIStatusBarStyleDefault;
				INFOPLIST_KEY_UISupportedInterfaceOrientations_iPad = "UIInterfaceOrientationPortrait UIInterfaceOrientationPortraitUpsideDown UIInterfaceOrientationLandscapeLeft UIInterfaceOrientationLandscapeRight";
				INFOPLIST_KEY_UISupportedInterfaceOrientations_iPhone = "UIInterfaceOrientationPortrait UIInterfaceOrientationLandscapeLeft UIInterfaceOrientationLandscapeRight";
				IPHONEOS_DEPLOYMENT_TARGET = 13.0;
				LD_RUNPATH_SEARCH_PATHS = "\"$(inherited) @executable_path/Frameworks\"";
				MACOSX_DEPLOYMENT_TARGET = 14.5;
				MARKETING_VERSION = 1.0;
				PRODUCT_BUNDLE_IDENTIFIER = shrad.PicturePerfectApp;
				PRODUCT_NAME = "$(TARGET_NAME)";
				SDKROOT = iphoneos;
				SUPPORTED_PLATFORMS = "iphonesimulator iphoneos";
				SWIFT_EMIT_LOC_STRINGS = YES;
				SWIFT_VERSION = 5.0;
				TARGETED_DEVICE_FAMILY = "1,2";
			};
			name = Release;
		};
/* End XCBuildConfiguration section */

/* Begin XCConfigurationList section */
		412ED9872C734E8800563852 /* Build configuration list for PBXProject "PicturePerfect" */ = {
			isa = XCConfigurationList;
			buildConfigurations = (
				412ED9B12C734E8A00563852 /* Debug */,
				412ED9B22C734E8A00563852 /* Release */,
			);
			defaultConfigurationIsVisible = 0;
			defaultConfigurationName = Release;
		};
		412ED9B32C734E8A00563852 /* Build configuration list for PBXNativeTarget "PicturePerfect" */ = {
			isa = XCConfigurationList;
			buildConfigurations = (
				412ED9B42C734E8A00563852 /* Debug */,
				412ED9B52C734E8A00563852 /* Release */,
			);
			defaultConfigurationIsVisible = 0;
			defaultConfigurationName = Release;
		};
/* End XCConfigurationList section */
	};
	rootObject = 412ED9842C734E8800563852 /* Project object */;
}
